
Microsoft Visual Studio Solution File, Format Version 12.00
Project("{FAE04EC0-301F-11D3-BF4B-00C04F79EFBC}") = "TestAzureDepSlots", "TestAzureDepSlots.csproj", "{483A2E62-6AA1-4894-88E0-D8D718C3A361}"
EndProject
Global
	GlobalSection(SolutionConfigurationPlatforms) = preSolution
		Debug|Any CPU = Debug|Any CPU
		Release|Any CPU = Release|Any CPU
	EndGlobalSection
	GlobalSection(ProjectConfigurationPlatforms) = postSolution
		{483A2E62-6AA1-4894-88E0-D8D718C3A361}.Debug|Any CPU.ActiveCfg = Debug|Any CPU
		{483A2E62-6AA1-4894-88E0-D8D718C3A361}.Debug|Any CPU.Build.0 = Debug|Any CPU
		{483A2E62-6AA1-4894-88E0-D8D718C3A361}.Release|Any CPU.ActiveCfg = Release|Any CPU
		{483A2E62-6AA1-4894-88E0-D8D718C3A361}.Release|Any CPU.Build.0 = Release|Any CPU
	EndGlobalSection
EndGlobal
